#MicroXplorer Configuration settings - do not modify
ADC1.Channel-20\#ChannelRegularConversion=ADC_CHANNEL_1
ADC1.Channel-21\#ChannelRegularConversion=ADC_CHANNEL_TEMPSENSOR
ADC1.Channel-IN1=ADC_CHANNEL_1
ADC1.ClockPrescaler=ADC_CLOCK_SYNC_PCLK_DIV2
ADC1.ContinuousConvMode=DISABLE
ADC1.DMAContinuousRequests=DISABLE
ADC1.DataAlign=ADC_DATAALIGN_RIGHT
ADC1.DiscontinuousConvMode=DISABLE
ADC1.EOCSelection=ADC_EOC_SEQ_CONV
ADC1.EnableAnalogWatchDog=false
ADC1.ExternalTrigConvEdge=ADC_EXTERNALTRIGCONVEDGE_NONE
ADC1.IPParameters=Channel-IN1,Channel-20\#ChannelRegularConversion,master,Rank-21\#ChannelRegularConversion,Channel-21\#ChannelRegularConversion,SamplingTime-21\#ChannelRegularConversion,NbrOfConversion,EOCSelection,ClockPrescaler,Resolution,DataAlign,ScanConvMode,ContinuousConvMode,DiscontinuousConvMode,DMAContinuousRequests,ExternalTrigConvEdge,InjNumberOfConversion,EnableAnalogWatchDog,Rank-20\#ChannelRegularConversion,SamplingTime-20\#ChannelRegularConversion
ADC1.InjNumberOfConversion=0
ADC1.NbrOfConversion=2
ADC1.Rank-20\#ChannelRegularConversion=1
ADC1.Rank-21\#ChannelRegularConversion=2
ADC1.Resolution=ADC_RESOLUTION_12B
ADC1.SamplingTime-20\#ChannelRegularConversion=ADC_SAMPLETIME_3CYCLES
ADC1.SamplingTime-21\#ChannelRegularConversion=ADC_SAMPLETIME_3CYCLES
ADC1.ScanConvMode=DISABLE
ADC1.master=1
CAN1.BS1=CAN_BS1_12TQ
CAN1.BS2=CAN_BS2_2TQ
CAN1.CalculateTimeBit=2000
CAN1.CalculateTimeQuantum=133.33333333333334
CAN1.IPParameters=CalculateTimeQuantum,CalculateTimeBit,Prescaler,BS1,BS2
CAN1.Prescaler=4
Dma.Request0=SPI2_RX
Dma.Request1=SPI2_TX
Dma.RequestsNb=2
Dma.SPI2_RX.0.Direction=DMA_PERIPH_TO_MEMORY
Dma.SPI2_RX.0.FIFOMode=DMA_FIFOMODE_DISABLE
Dma.SPI2_RX.0.Instance=DMA1_Stream3
Dma.SPI2_RX.0.MemDataAlignment=DMA_MDATAALIGN_BYTE
Dma.SPI2_RX.0.MemInc=DMA_MINC_ENABLE
Dma.SPI2_RX.0.Mode=DMA_NORMAL
Dma.SPI2_RX.0.PeriphDataAlignment=DMA_PDATAALIGN_BYTE
Dma.SPI2_RX.0.PeriphInc=DMA_PINC_DISABLE
Dma.SPI2_RX.0.Priority=DMA_PRIORITY_MEDIUM
Dma.SPI2_RX.0.RequestParameters=Instance,Direction,PeriphInc,MemInc,PeriphDataAlignment,MemDataAlignment,Mode,Priority,FIFOMode
Dma.SPI2_TX.1.Direction=DMA_MEMORY_TO_PERIPH
Dma.SPI2_TX.1.FIFOMode=DMA_FIFOMODE_DISABLE
Dma.SPI2_TX.1.Instance=DMA1_Stream4
Dma.SPI2_TX.1.MemDataAlignment=DMA_MDATAALIGN_BYTE
Dma.SPI2_TX.1.MemInc=DMA_MINC_ENABLE
Dma.SPI2_TX.1.Mode=DMA_NORMAL
Dma.SPI2_TX.1.PeriphDataAlignment=DMA_PDATAALIGN_BYTE
Dma.SPI2_TX.1.PeriphInc=DMA_PINC_DISABLE
Dma.SPI2_TX.1.Priority=DMA_PRIORITY_MEDIUM
Dma.SPI2_TX.1.RequestParameters=Instance,Direction,PeriphInc,MemInc,PeriphDataAlignment,MemDataAlignment,Mode,Priority,FIFOMode
FREERTOS.FootprintOK=true
FREERTOS.INCLUDE_eTaskGetState=1
FREERTOS.INCLUDE_pcTaskGetTaskName=1
FREERTOS.INCLUDE_vTaskCleanUpResources=1
FREERTOS.IPParameters=Tasks01,configUSE_TIMERS,configUSE_TICKLESS_IDLE,FootprintOK,INCLUDE_pcTaskGetTaskName,INCLUDE_eTaskGetState,Queues01,Timers01,INCLUDE_vTaskCleanUpResources,configTOTAL_HEAP_SIZE,configMAX_PRIORITIES,configMAX_TASK_NAME_LEN,configQUEUE_REGISTRY_SIZE,configGENERATE_RUN_TIME_STATS,configUSE_PORT_OPTIMISED_TASK_SELECTION,configUSE_IDLE_HOOK,configUSE_TICK_HOOK,configCHECK_FOR_STACK_OVERFLOW,configUSE_RECURSIVE_MUTEXES,configUSE_COUNTING_SEMAPHORES,configUSE_MALLOC_FAILED_HOOK
FREERTOS.Queues01=myQueue01,16,uint16_t,NULL
FREERTOS.Tasks01=defaultTask,0,512,StartDefaultTask,Default;myTask02,0,512,StartTask02,Default
FREERTOS.Timers01=myTimer01,Callback01,osTimerPeriodic,Default
FREERTOS.configCHECK_FOR_STACK_OVERFLOW=2
FREERTOS.configGENERATE_RUN_TIME_STATS=1
FREERTOS.configMAX_PRIORITIES=31
FREERTOS.configMAX_TASK_NAME_LEN=24
FREERTOS.configQUEUE_REGISTRY_SIZE=2
FREERTOS.configTOTAL_HEAP_SIZE=0x8C00
FREERTOS.configUSE_COUNTING_SEMAPHORES=1
FREERTOS.configUSE_IDLE_HOOK=1
FREERTOS.configUSE_MALLOC_FAILED_HOOK=1
FREERTOS.configUSE_PORT_OPTIMISED_TASK_SELECTION=1
FREERTOS.configUSE_RECURSIVE_MUTEXES=1
FREERTOS.configUSE_TICKLESS_IDLE=1
FREERTOS.configUSE_TICK_HOOK=1
FREERTOS.configUSE_TIMERS=1
File.Version=6
KeepUserPlacement=false
Mcu.Family=STM32F2
Mcu.IP0=ADC1
Mcu.IP1=CAN1
Mcu.IP10=RTC
Mcu.IP11=SPI2
Mcu.IP12=SPI3
Mcu.IP13=SYS
Mcu.IP14=TIM6
Mcu.IP15=TIM7
Mcu.IP16=USART1
Mcu.IP17=USART2
Mcu.IP18=USART3
Mcu.IP2=CRC
Mcu.IP3=DAC
Mcu.IP4=DMA
Mcu.IP5=FREERTOS
Mcu.IP6=I2C1
Mcu.IP7=I2C2
Mcu.IP8=NVIC
Mcu.IP9=RCC
Mcu.IPNb=19
Mcu.Name=STM32F207V(C-E-F-G)Tx
Mcu.Package=LQFP100
Mcu.Pin0=PC14-OSC32_IN
Mcu.Pin1=PC15-OSC32_OUT
Mcu.Pin10=PB2
Mcu.Pin11=PB10
Mcu.Pin12=PB11
Mcu.Pin13=PB12
Mcu.Pin14=PB13
Mcu.Pin15=PB14
Mcu.Pin16=PB15
Mcu.Pin17=PD8
Mcu.Pin18=PD9
Mcu.Pin19=PD12
Mcu.Pin2=PA0-WKUP
Mcu.Pin20=PD13
Mcu.Pin21=PD14
Mcu.Pin22=PD15
Mcu.Pin23=PC6
Mcu.Pin24=PC7
Mcu.Pin25=PC8
Mcu.Pin26=PC9
Mcu.Pin27=PA8
Mcu.Pin28=PA9
Mcu.Pin29=PA10
Mcu.Pin3=PA1
Mcu.Pin30=PA13
Mcu.Pin31=PA14
Mcu.Pin32=PA15
Mcu.Pin33=PC10
Mcu.Pin34=PC11
Mcu.Pin35=PC12
Mcu.Pin36=PB3
Mcu.Pin37=PB4
Mcu.Pin38=PB6
Mcu.Pin39=PB7
Mcu.Pin4=PA2
Mcu.Pin40=PB8
Mcu.Pin41=PB9
Mcu.Pin42=VP_ADC1_TempSens_Input
Mcu.Pin43=VP_CRC_VS_CRC
Mcu.Pin44=VP_FREERTOS_VS_ENABLE
Mcu.Pin45=VP_RTC_VS_RTC_Activate
Mcu.Pin46=VP_RTC_VS_RTC_Calendar
Mcu.Pin47=VP_RTC_VS_RTC_WakeUp_intern
Mcu.Pin48=VP_RTC_VS_RTC_Alarm_B_Intern
Mcu.Pin49=VP_RTC_VS_RTC_Alarm_A_Intern
Mcu.Pin5=PA3
Mcu.Pin50=VP_SYS_VS_tim1
Mcu.Pin51=VP_TIM6_VS_ClockSourceINT
Mcu.Pin52=VP_TIM7_VS_ClockSourceINT
Mcu.Pin6=PA4
Mcu.Pin7=PA5
Mcu.Pin8=PA6
Mcu.Pin9=PA7
Mcu.PinsNb=53
Mcu.UserConstants=
Mcu.UserName=STM32F207VCTx
MxCube.Version=4.17.0
MxDb.Version=DB.4.0.170
NVIC.BusFault_IRQn=true\:0\:0\:false\:false\:true\:false
NVIC.CAN1_RX0_IRQn=true\:5\:0\:false\:false\:true\:true
NVIC.CAN1_RX1_IRQn=true\:5\:0\:false\:false\:true\:true
NVIC.DMA1_Stream3_IRQn=true\:5\:0\:false\:false\:true\:true
NVIC.DMA1_Stream4_IRQn=true\:5\:0\:false\:false\:true\:true
NVIC.DebugMonitor_IRQn=true\:0\:0\:false\:false\:true\:false
NVIC.HardFault_IRQn=true\:0\:0\:false\:false\:true\:false
NVIC.MemoryManagement_IRQn=true\:0\:0\:false\:false\:true\:false
NVIC.NonMaskableInt_IRQn=true\:0\:0\:false\:false\:true\:false
NVIC.PendSV_IRQn=true\:15\:0\:false\:false\:false\:true
NVIC.PriorityGroup=NVIC_PRIORITYGROUP_4
NVIC.SPI2_IRQn=true\:5\:0\:false\:true\:true\:3\:true
NVIC.SVCall_IRQn=true\:0\:0\:false\:false\:false\:false
NVIC.SysTick_IRQn=true\:15\:0\:false\:false\:true\:true
NVIC.TIM1_UP_TIM10_IRQn=true\:0\:0\:false\:false\:true\:false
NVIC.TimeBase=TIM1_UP_TIM10_IRQn
NVIC.TimeBaseIP=TIM1
NVIC.USART1_IRQn=true\:5\:0\:true\:false\:true\:true
NVIC.USART2_IRQn=true\:5\:0\:false\:true\:true\:4\:true
NVIC.USART3_IRQn=true\:5\:0\:false\:true\:true\:5\:true
NVIC.UsageFault_IRQn=true\:0\:0\:false\:false\:true\:false
PA0-WKUP.GPIOParameters=GPIO_Label
PA0-WKUP.GPIO_Label=CUBEMX_PIN_F2_STS_WKUP
PA0-WKUP.Locked=true
PA0-WKUP.Mode=SYS_WakeUp0
PA0-WKUP.Signal=SYS_WKUP
PA1.GPIOParameters=GPIO_Label
PA1.GPIO_Label=CUBEMX_PIN_F2_ADC1_TEST1
PA1.Locked=true
PA1.Signal=ADCx_IN1
PA10.GPIOParameters=GPIO_Label
PA10.GPIO_Label=CUBEMX_PIN_F2_USART1_RX_DEBUG
PA10.Locked=true
PA10.Mode=Asynchronous
PA10.Signal=USART1_RX
PA13.GPIOParameters=GPIO_Label
PA13.GPIO_Label=CUBEMX_PIN_F2_SYS_JTMS_SWDIO
PA13.Locked=true
PA13.Mode=JTAG_5_pins
PA13.Signal=SYS_JTMS-SWDIO
PA14.GPIOParameters=GPIO_Label
PA14.GPIO_Label=CUBEMX_PIN_F2_SYS_JTCK_SWCLK
PA14.Locked=true
PA14.Mode=JTAG_5_pins
PA14.Signal=SYS_JTCK-SWCLK
PA15.GPIOParameters=GPIO_Label
PA15.GPIO_Label=CUBEMX_PIN_F2_SYS_JTDI
PA15.Locked=true
PA15.Mode=JTAG_5_pins
PA15.Signal=SYS_JTDI
PA2.GPIOParameters=GPIO_Label
PA2.GPIO_Label=CUBEMX_PIN_F2_USART2_TX_485
PA2.Locked=true
PA2.Mode=Asynchronous
PA2.Signal=USART2_TX
PA3.GPIOParameters=GPIO_Label
PA3.GPIO_Label=CUBEMX_PIN_F2_USART2_RX_485
PA3.Locked=true
PA3.Mode=Asynchronous
PA3.Signal=USART2_RX
PA4.GPIOParameters=GPIO_Label
PA4.GPIO_Label=CUBEMX_PIN_F2_MOTO_CTRL
PA4.Locked=true
PA4.Signal=COMP_DAC1_group
PA5.Locked=true
PA5.Signal=GPIO_Input
PA6.Locked=true
PA6.Signal=GPIO_Input
PA7.Locked=true
PA7.Signal=GPIO_Input
PA8.GPIOParameters=GPIO_Label
PA8.GPIO_Label=CUBEMX_PIN_F2_ADC_CLK
PA8.Locked=true
PA8.Mode=Clock-out-1
PA8.Signal=RCC_MCO_1
PA9.GPIOParameters=GPIO_Label
PA9.GPIO_Label=CUBEMX_PIN_F2_USART1_TX_DEBUG
PA9.Locked=true
PA9.Mode=Asynchronous
PA9.Signal=USART1_TX
PB10.GPIOParameters=GPIO_Label
PB10.GPIO_Label=CUBEMX_PIN_F2_I2C2_SCL
PB10.Locked=true
PB10.Mode=I2C
PB10.Signal=I2C2_SCL
PB11.GPIOParameters=GPIO_Label
PB11.GPIO_Label=CUBEMX_PIN_F2_I2C2_SDA
PB11.Locked=true
PB11.Mode=I2C
PB11.Signal=I2C2_SDA
PB12.GPIOParameters=GPIO_Label
PB12.GPIO_Label=CUBEMX_PIN_F2_SPI2_CS_ADC
PB12.Locked=true
PB12.Mode=NSS_Signal_Hard_Output
PB12.Signal=SPI2_NSS
PB13.GPIOParameters=GPIO_Label
PB13.GPIO_Label=CUBEMX_PIN_F2_SPI2_SCK_ADC
PB13.Locked=true
PB13.Mode=Full_Duplex_Master
PB13.Signal=SPI2_SCK
PB14.GPIOParameters=GPIO_Label
PB14.GPIO_Label=CUBEMX_PIN_F2_SPI2_MISO_ADC
PB14.Locked=true
PB14.Mode=Full_Duplex_Master
PB14.Signal=SPI2_MISO
PB15.GPIOParameters=GPIO_Label
PB15.GPIO_Label=CUBEMX_PIN_F2_SPI2_MOSI_ADC
PB15.Locked=true
PB15.Mode=Full_Duplex_Master
PB15.Signal=SPI2_MOSI
PB2.GPIOParameters=GPIO_Label
PB2.GPIO_Label=CUBEMX_PIN_F2_BOOT1
PB2.Locked=true
PB2.Signal=GPIO_Input
PB3.GPIOParameters=GPIO_Label
PB3.GPIO_Label=CUBEMX_PIN_F2_SYS_JTDO_SWO
PB3.Locked=true
PB3.Mode=JTAG_5_pins
PB3.Signal=SYS_JTDO-SWO
PB4.GPIOParameters=GPIO_Label
PB4.GPIO_Label=CUBEMX_PIN_F2_SYS_JTRST
PB4.Locked=true
PB4.Mode=JTAG_5_pins
PB4.Signal=SYS_JTRST
PB6.GPIOParameters=GPIO_Label
PB6.GPIO_Label=CUBEMX_PIN_F2_I2C1_SCL
PB6.Mode=I2C
PB6.Signal=I2C1_SCL
PB7.GPIOParameters=GPIO_Label
PB7.GPIO_Label=CUBEMX_PIN_F2_I2C1_SDA
PB7.Mode=I2C
PB7.Signal=I2C1_SDA
PB8.GPIOParameters=GPIO_Label
PB8.GPIO_Label=CUBEMX_PIN_F2_CAN1_RX
PB8.Locked=true
PB8.Mode=Master
PB8.Signal=CAN1_RX
PB9.GPIOParameters=GPIO_Label
PB9.GPIO_Label=CUBEMX_PIN_F2_CAN1_TX
PB9.Locked=true
PB9.Mode=Master
PB9.Signal=CAN1_TX
PC10.GPIOParameters=GPIO_Label
PC10.GPIO_Label=CUBEMX_PIN_F2_SPI3_SCK_ADC
PC10.Locked=true
PC10.Mode=Full_Duplex_Master
PC10.Signal=SPI3_SCK
PC11.GPIOParameters=GPIO_Label
PC11.GPIO_Label=CUBEMX_PIN_F2_SPI3_MISO_ADC
PC11.Locked=true
PC11.Mode=Full_Duplex_Master
PC11.Signal=SPI3_MISO
PC12.GPIOParameters=GPIO_Label
PC12.GPIO_Label=CUBEMX_PIN_F2_SPI3_MOSI_ADC
PC12.Locked=true
PC12.Mode=Full_Duplex_Master
PC12.Signal=SPI3_MOSI
PC14-OSC32_IN.GPIOParameters=GPIO_Label
PC14-OSC32_IN.GPIO_Label=CUBEMX_PIN_F2_RCC_OSC32_IN
PC14-OSC32_IN.Locked=true
PC14-OSC32_IN.Mode=LSE-External-Oscillator
PC14-OSC32_IN.Signal=RCC_OSC32_IN
PC15-OSC32_OUT.GPIOParameters=GPIO_Label
PC15-OSC32_OUT.GPIO_Label=CUBEMX_PIN_F2_RCC_OSC32_OUT
PC15-OSC32_OUT.Locked=true
PC15-OSC32_OUT.Mode=LSE-External-Oscillator
PC15-OSC32_OUT.Signal=RCC_OSC32_OUT
PC6.GPIOParameters=GPIO_Label
PC6.GPIO_Label=CUBEMX_PIN_F2_GPIO_DO_LED_SERV1
PC6.Locked=true
PC6.Signal=GPIO_Output
PC7.GPIOParameters=GPIO_Label
PC7.GPIO_Label=CUBEMX_PIN_F2_GPIO_DO_LED_WORK_STATE
PC7.Locked=true
PC7.Signal=GPIO_Output
PC8.GPIOParameters=GPIO_Label
PC8.GPIO_Label=CUBEMX_PIN_F2_GPIO_DO_LED_COMMU
PC8.Locked=true
PC8.Signal=GPIO_Output
PC9.GPIOParameters=GPIO_Label
PC9.GPIO_Label=CUBEMX_PIN_F2_GPIO_DO_LED_POWER
PC9.Locked=true
PC9.Signal=GPIO_Output
PCC.Checker=false
PCC.Line=STM32F2x7
PCC.MCU=STM32F207V(C-E-F-G)Tx
PCC.MXVersion=4.17.0
PCC.PartNumber=STM32F207VCTx
PCC.Seq0=0
PCC.Series=STM32F2
PCC.Temperature=25
PCC.Vdd=3.3
PD12.GPIOParameters=GPIO_Label
PD12.GPIO_Label=CUBEMX_PIN_F2_USART2_485_CTRL
PD12.Locked=true
PD12.Signal=GPIO_Input
PD13.GPIOParameters=GPIO_Label
PD13.GPIO_Label=CUBEMX_PIN_F2_GPIO_DO_BEEP
PD13.Locked=true
PD13.Signal=GPIO_Output
PD14.GPIOParameters=GPIO_Label
PD14.GPIO_Label=CUBEMX_PIN_F2_GPIO_DO_LED_SERV3
PD14.Locked=true
PD14.Signal=GPIO_Output
PD15.GPIOParameters=GPIO_Label
PD15.GPIO_Label=CUBEMX_PIN_F2_GPIO_DO_LED_SERV2
PD15.Locked=true
PD15.Signal=GPIO_Output
PD8.GPIOParameters=GPIO_Label
PD8.GPIO_Label=CUBEMX_PIN_F2_USART3_TX_PRINT
PD8.Locked=true
PD8.Mode=Asynchronous
PD8.Signal=USART3_TX
PD9.GPIOParameters=GPIO_Label
PD9.GPIO_Label=CUBEMX_PIN_F2_USART3_RX_PRINT
PD9.Locked=true
PD9.Mode=Asynchronous
PD9.Signal=USART3_RX
ProjectManager.AskForMigrate=true
ProjectManager.BackupPrevious=false
ProjectManager.CompilerOptimize=2
ProjectManager.ComputerToolchain=false
ProjectManager.CoupleFile=true
ProjectManager.DeletePrevious=true
ProjectManager.DeviceId=STM32F207VCTx
ProjectManager.FirmwarePackage=STM32Cube FW_F2 V1.4.0
ProjectManager.FreePins=true
ProjectManager.HalAssertFull=true
ProjectManager.HeapSize=0x200
ProjectManager.KeepUserCode=true
ProjectManager.LastFirmware=true
ProjectManager.LibraryCopy=0
ProjectManager.PreviousToolchain=
ProjectManager.ProjectBuild=false
ProjectManager.ProjectFileName=PrjBfscFo@207VC.ioc
ProjectManager.ProjectName=PrjBfscFo@207VC
ProjectManager.StackSize=0x400
ProjectManager.TargetToolchain=MDK-ARM V5
ProjectManager.ToolChainLocation=D\:\\IHUSRC\\ihu\\PrjBfscFo@207VC
ProjectManager.UnderRoot=false
ProjectManager.functionlistsort=1-MX_GPIO_Init-GPIO-false-HAL,2-MX_DMA_Init-DMA-false-HAL,3-SystemClock_Config-RCC-false-HAL,4-MX_ADC1_Init-ADC1-false-HAL,5-MX_SPI2_Init-SPI2-false-HAL,6-MX_TIM6_Init-TIM6-false-HAL,7-MX_TIM7_Init-TIM7-false-HAL,8-MX_USART1_UART_Init-USART1-false-HAL,9-MX_USART2_UART_Init-USART2-false-HAL,10-MX_USART3_UART_Init-USART3-false-HAL,11-MX_CAN1_Init-CAN1-false-HAL,12-MX_RTC_Init-RTC-false-HAL,13-MX_CRC_Init-CRC-false-HAL,14-MX_DAC_Init-DAC-false-HAL,15-MX_I2C1_Init-I2C1-false-HAL,16-MX_I2C2_Init-I2C2-false-HAL,17-MX_SPI3_Init-SPI3-false-HAL
RCC.48MHZClocksFreq_Value=60000000
RCC.AHBFreq_Value=120000000
RCC.APB1CLKDivider=RCC_HCLK_DIV4
RCC.APB1Freq_Value=30000000
RCC.APB1TimFreq_Value=60000000
RCC.APB2CLKDivider=RCC_HCLK_DIV2
RCC.APB2Freq_Value=60000000
RCC.APB2TimFreq_Value=120000000
RCC.CortexFreq_Value=120000000
RCC.EthernetFreq_Value=120000000
RCC.FCLKCortexFreq_Value=120000000
RCC.FamilyName=M
RCC.HCLKFreq_Value=120000000
RCC.HSE_VALUE=25000000
RCC.HSI_VALUE=16000000
RCC.I2SClocksFreq_Value=118153846.15384614
RCC.IPParameters=48MHZClocksFreq_Value,AHBFreq_Value,APB1CLKDivider,APB1Freq_Value,APB1TimFreq_Value,APB2CLKDivider,APB2Freq_Value,APB2TimFreq_Value,CortexFreq_Value,EthernetFreq_Value,FCLKCortexFreq_Value,FamilyName,HCLKFreq_Value,HSE_VALUE,HSI_VALUE,I2SClocksFreq_Value,LSI_VALUE,MCO2PinFreq_Value,PLLCLKFreq_Value,PLLM,PLLN,RTCFreq_Value,RTCHSEDivFreq_Value,SYSCLKFreq_VALUE,SYSCLKSource,VCOI2SOutputFreq_Value,VCOInputFreq_Value,VCOOutputFreq_Value,VcooutputI2S
RCC.LSI_VALUE=32000
RCC.MCO2PinFreq_Value=120000000
RCC.PLLCLKFreq_Value=120000000
RCC.PLLM=13
RCC.PLLN=195
RCC.RTCFreq_Value=32000
RCC.RTCHSEDivFreq_Value=12500000
RCC.SYSCLKFreq_VALUE=120000000
RCC.SYSCLKSource=RCC_SYSCLKSOURCE_PLLCLK
RCC.VCOI2SOutputFreq_Value=236307692.3076923
RCC.VCOInputFreq_Value=1230769.2307692308
RCC.VCOOutputFreq_Value=240000000
RCC.VcooutputI2S=118153846.15384614
RTC.Date=3
RTC.IPParameters=Year,Date
RTC.Year=17
SH.ADCx_IN1.0=ADC1_IN1,IN1
SH.ADCx_IN1.ConfNb=1
SH.COMP_DAC1_group.0=DAC_OUT1,DAC_OUT1
SH.COMP_DAC1_group.ConfNb=1
SPI2.BaudRatePrescaler=SPI_BAUDRATEPRESCALER_4
SPI2.CalculateBaudRate=7.5 MBits/s
SPI2.IPParameters=BaudRatePrescaler,Mode,CalculateBaudRate,VirtualNSS
SPI2.Mode=SPI_MODE_MASTER
SPI2.VirtualNSS=VM_NSSHARD
SPI3.CalculateBaudRate=15.0 MBits/s
SPI3.IPParameters=Mode,CalculateBaudRate
SPI3.Mode=SPI_MODE_MASTER
VP_ADC1_TempSens_Input.Mode=IN-TempSens
VP_ADC1_TempSens_Input.Signal=ADC1_TempSens_Input
VP_CRC_VS_CRC.Mode=CRC_Activate
VP_CRC_VS_CRC.Signal=CRC_VS_CRC
VP_FREERTOS_VS_ENABLE.Mode=Enabled
VP_FREERTOS_VS_ENABLE.Signal=FREERTOS_VS_ENABLE
VP_RTC_VS_RTC_Activate.Mode=RTC_Enabled
VP_RTC_VS_RTC_Activate.Signal=RTC_VS_RTC_Activate
VP_RTC_VS_RTC_Alarm_A_Intern.Mode=Alarm A
VP_RTC_VS_RTC_Alarm_A_Intern.Signal=RTC_VS_RTC_Alarm_A_Intern
VP_RTC_VS_RTC_Alarm_B_Intern.Mode=Alarm B
VP_RTC_VS_RTC_Alarm_B_Intern.Signal=RTC_VS_RTC_Alarm_B_Intern
VP_RTC_VS_RTC_Calendar.Mode=RTC_Calendar
VP_RTC_VS_RTC_Calendar.Signal=RTC_VS_RTC_Calendar
VP_RTC_VS_RTC_WakeUp_intern.Mode=WakeUp
VP_RTC_VS_RTC_WakeUp_intern.Signal=RTC_VS_RTC_WakeUp_intern
VP_SYS_VS_tim1.Mode=TIM1
VP_SYS_VS_tim1.Signal=SYS_VS_tim1
VP_TIM6_VS_ClockSourceINT.Mode=Enable_Timer
VP_TIM6_VS_ClockSourceINT.Signal=TIM6_VS_ClockSourceINT
VP_TIM7_VS_ClockSourceINT.Mode=Enable_Timer
VP_TIM7_VS_ClockSourceINT.Signal=TIM7_VS_ClockSourceINT
board=PrjBfscFo@207VC
